# This file was autogenerated by Stack.
# You should not edit this file by hand.
# For more information, please see the documentation at:
#   https://docs.haskellstack.org/en/stable/lock_files

packages:
- completed:
    subdir: orville-postgresql
    name: orville-postgresql
    version: 0.8.3.0
    git: git@github.com:flipstone/orville.git
    pantry-tree:
      size: 7898
      sha256: d8d29be455684b78288abb6abca031e46535a0cd5fdbfd6b2bc25c8c98b4908c
    commit: 341557b9693f313a233e5a71fdbe41e3e90f17f9
  original:
    subdir: orville-postgresql
    git: git@github.com:flipstone/orville.git
    commit: 341557b9693f313a233e5a71fdbe41e3e90f17f9
- completed:
    hackage: HDBC-postgresql-2.3.2.7@sha256:93d8e3c3d2dc9291a10f28ae3f8d0604a55ef47298ed43003a4d16f3d9905bae,3228
    pantry-tree:
      size: 1740
      sha256: 07bfba988402849f447025b324f2993ea88ac0ec4f7dd4b86942644e2e239d45
  original:
    hackage: HDBC-postgresql-2.3.2.7
- completed:
    hackage: beam-core-0.9.0.0@sha256:e5b1cb4d5b8a8a166f3373e8718672a3884feb9a5a133404b047b0af76538023,5282
    pantry-tree:
      size: 2704
      sha256: e54dabae556fcac9079587adcce1b2bb107c196688c476dabdd84ca86ad556af
  original:
    hackage: beam-core-0.9.0.0
- completed:
    hackage: beam-postgres-0.5.0.0@sha256:3008f802b25fffaee2edf7f8f840a073ee630049031cda0b4ea7912b6656c813,4333
    pantry-tree:
      size: 1692
      sha256: 650c0241326528b9664756e7822edf61d972f30f21f42d4318c7e885aa86e38a
  original:
    hackage: beam-postgres-0.5.0.0
- completed:
    hackage: beam-migrate-0.5.0.0@sha256:d3f7e333ec9e96122ccec6be0d38a88f766dfc248323be73fd0b3cee245ea421,4923
    pantry-tree:
      size: 1721
      sha256: 0aa2b84eef52bf8a7fc9906c2b2a1bc37d077456f232cdf445fc182ee888c20f
  original:
    hackage: beam-migrate-0.5.0.0
- completed:
    hackage: dependent-map-0.4.0.0@sha256:ca2b131046f4340a1c35d138c5a003fe4a5be96b14efc26291ed35fd08c62221,1657
    pantry-tree:
      size: 551
      sha256: 5defa30010904d2ad05a036f3eaf83793506717c93cbeb599f40db1a3632cfc5
  original:
    hackage: dependent-map-0.4.0.0
- completed:
    hackage: dependent-sum-0.7.1.0@sha256:5599aa89637db434431b1dd3fa7c34bc3d565ee44f0519bfbc877be1927c2531,2068
    pantry-tree:
      size: 290
      sha256: 9cbfb32b5a8a782b7a1c941803fd517633cb699159b851c1d82267a9e9391b50
  original:
    hackage: dependent-sum-0.7.1.0
- completed:
    hackage: constraints-extras-0.3.0.2@sha256:013b8d0392582c6ca068e226718a4fe8be8e22321cc0634f6115505bf377ad26,1853
    pantry-tree:
      size: 594
      sha256: 3ce1012bfb02e4d7def9df19ce80b8cd2b472c691b25b181d9960638673fecd1
  original:
    hackage: constraints-extras-0.3.0.2
- completed:
    hackage: selda-postgresql-0.1.8.1@sha256:66c225d6dcd3edd302c45db0191c004f143cab02b5b6e382bc5b4bae7d5a1483,1418
    pantry-tree:
      size: 316
      sha256: cf2ab2a5b9eb0dc90707d48331cdd1ca9c361caba2f8b149cab7a94e51d1e7e5
  original:
    hackage: selda-postgresql-0.1.8.1
snapshots:
- completed:
    size: 532832
    url: https://raw.githubusercontent.com/commercialhaskell/stackage-snapshots/master/lts/16/23.yaml
    sha256: fbb2a0519008533924c7753bd7164ddd1009f09504eb06674acad6049b46db09
  original: lts-16.23
