# This file was autogenerated by Stack.
# You should not edit this file by hand.
# For more information, please see the documentation at:
#   https://docs.haskellstack.org/en/stable/lock_files

packages:
- completed:
    subdir: orville-postgresql
    cabal-file:
      size: 6426
      sha256: ec253a482049eb2b4d57d5fba44341f10750f9262011f2b3768fdb004cb69c60
    name: orville-postgresql
    version: 0.8.3.0
    git: git@github.com:flipstone/orville.git
    pantry-tree:
      size: 7821
      sha256: 7afcf2188843991fc8caa14f7006cc34ca6fd3c57029e2e594da08a847bb6c85
    commit: efbd3fe1dca19cc07fe12b3824f1af5df46cbdf1
  original:
    subdir: orville-postgresql
    git: git@github.com:flipstone/orville.git
    commit: efbd3fe1dca19cc07fe12b3824f1af5df46cbdf1
- completed:
    hackage: HDBC-postgresql-2.3.2.7@sha256:93d8e3c3d2dc9291a10f28ae3f8d0604a55ef47298ed43003a4d16f3d9905bae,3228
    pantry-tree:
      size: 1740
      sha256: 07bfba988402849f447025b324f2993ea88ac0ec4f7dd4b86942644e2e239d45
  original:
    hackage: HDBC-postgresql-2.3.2.7
snapshots:
- completed:
    size: 531707
    url: https://raw.githubusercontent.com/commercialhaskell/stackage-snapshots/master/lts/16/5.yaml
    sha256: 9751e25e0af5713a53ddcfcc79564b082c71b1b357fadef0d85672a5b5ba3703
  original: lts-16.5
